# This file was autogenerated by Stack.
# You should not edit this file by hand.
# For more information, please see the documentation at:
#   https://docs.haskellstack.org/en/stable/lock_files

packages:
- completed:
    hackage: fmt-0.6.1.1@sha256:2db99a4f37780930485a07c9c444473ece552162a0cb3d29436358a4d0b22ddf,5435
    pantry-tree:
      size: 1004
      sha256: 630cccd28a83eb608142a76b1f302aaa45c4f699911e4b73c352a8b8843cb2ca
  original:
    hackage: fmt-0.6.1.1
snapshots:
- completed:
    size: 491372
    url: https://raw.githubusercontent.com/commercialhaskell/stackage-snapshots/master/lts/15/5.yaml
    sha256: 1b549cfff328040c382a70a84a2087aac8dab6d778bf92f32a93a771a1980dfc
  original: lts-15.5
